// !$*UTF8*$!
{
	archiveVersion = 1;
	classes = {
	};
	objectVersion = 56;
	objects = {

/* Begin PBXBuildFile section */
		983EA0A52C03D1E000268B24 /* AppDelegate.swift in Sources */ = {isa = PBXBuildFile; fileRef = 983EA0A42C03D1E000268B24 /* AppDelegate.swift */; };
		983EA0A72C03D1E000268B24 /* SceneDelegate.swift in Sources */ = {isa = PBXBuildFile; fileRef = 983EA0A62C03D1E000268B24 /* SceneDelegate.swift */; };
		983EA0A92C03D1E000268B24 /* ViewController.swift in Sources */ = {isa = PBXBuildFile; fileRef = 983EA0A82C03D1E000268B24 /* ViewController.swift */; };
		983EA0AC2C03D1E000268B24 /* Base in Resources */ = {isa = PBXBuildFile; fileRef = 983EA0AB2C03D1E000268B24 /* Base */; };
		983EA0AF2C03D1E000268B24 /* VideoPlayerWithUIKit.xcdatamodeld in Sources */ = {isa = PBXBuildFile; fileRef = 983EA0AD2C03D1E000268B24 /* VideoPlayerWithUIKit.xcdatamodeld */; };
		983EA0B12C03D1E200268B24 /* Assets.xcassets in Resources */ = {isa = PBXBuildFile; fileRef = 983EA0B02C03D1E200268B24 /* Assets.xcassets */; };
		983EA0B42C03D1E200268B24 /* Base in Resources */ = {isa = PBXBuildFile; fileRef = 983EA0B32C03D1E200268B24 /* Base */; };
		983EA0BE2C03D29B00268B24 /* vie.mp4 in Resources */ = {isa = PBXBuildFile; fileRef = 983EA0BD2C03D29B00268B24 /* vie.mp4 */; };
/* End PBXBuildFile section */

/* Begin PBXFileReference section */
		983EA0A12C03D1E000268B24 /* VideoPlayerWithUIKit.app */ = {isa = PBXFileReference; explicitFileType = wrapper.application; includeInIndex = 0; path = VideoPlayerWithUIKit.app; sourceTree = BUILT_PRODUCTS_DIR; };
		983EA0A42C03D1E000268B24 /* AppDelegate.swift */ = {isa = PBXFileReference; lastKnownFileType = sourcecode.swift; path = AppDelegate.swift; sourceTree = "<group>"; };
		983EA0A62C03D1E000268B24 /* SceneDelegate.swift */ = {isa = PBXFileReference; lastKnownFileType = sourcecode.swift; path = SceneDelegate.swift; sourceTree = "<group>"; };
		983EA0A82C03D1E000268B24 /* ViewController.swift */ = {isa = PBXFileReference; lastKnownFileType = sourcecode.swift; path = ViewController.swift; sourceTree = "<group>"; };
		983EA0AB2C03D1E000268B24 /* Base */ = {isa = PBXFileReference; lastKnownFileType = file.storyboard; name = Base; path = Base.lproj/Main.storyboard; sourceTree = "<group>"; };
		983EA0AE2C03D1E000268B24 /* VideoPlayerWithUIKit.xcdatamodel */ = {isa = PBXFileReference; lastKnownFileType = wrapper.xcdatamodel; path = VideoPlayerWithUIKit.xcdatamodel; sourceTree = "<group>"; };
		983EA0B02C03D1E200268B24 /* Assets.xcassets */ = {isa = PBXFileReference; lastKnownFileType = folder.assetcatalog; path = Assets.xcassets; sourceTree = "<group>"; };
		983EA0B32C03D1E200268B24 /* Base */ = {isa = PBXFileReference; lastKnownFileType = file.storyboard; name = Base; path = Base.lproj/LaunchScreen.storyboard; sourceTree = "<group>"; };
		983EA0B52C03D1E200268B24 /* Info.plist */ = {isa = PBXFileReference; lastKnownFileType = text.plist.xml; path = Info.plist; sourceTree = "<group>"; };
		983EA0BD2C03D29B00268B24 /* vie.mp4 */ = {isa = PBXFileReference; lastKnownFileType = file; path = vie.mp4; sourceTree = SOURCE_ROOT; };
/* End PBXFileReference section */

/* Begin PBXFrameworksBuildPhase section */
		983EA09E2C03D1E000268B24 /* Frameworks */ = {
			isa = PBXFrameworksBuildPhase;
			buildActionMask = 2147483647;
			files = (
			);
			runOnlyForDeploymentPostprocessing = 0;
		};
/* End PBXFrameworksBuildPhase section */

/* Begin PBXGroup section */
		983EA0982C03D1E000268B24 = {
			isa = PBXGroup;
			children = (
				983EA0A32C03D1E000268B24 /* VideoPlayerWithUIKit */,
				983EA0A22C03D1E000268B24 /* Products */,
			);
			sourceTree = "<group>";
		};
		983EA0A22C03D1E000268B24 /* Products */ = {
			isa = PBXGroup;
			children = (
				983EA0A12C03D1E000268B24 /* VideoPlayerWithUIKit.app */,
			);
			name = Products;
			sourceTree = "<group>";
		};
		983EA0A32C03D1E000268B24 /* VideoPlayerWithUIKit */ = {
			isa = PBXGroup;
			children = (
				983EA0BB2C03D24C00268B24 /* Resources */,
				983EA0A42C03D1E000268B24 /* AppDelegate.swift */,
				983EA0A62C03D1E000268B24 /* SceneDelegate.swift */,
				983EA0A82C03D1E000268B24 /* ViewController.swift */,
				983EA0AA2C03D1E000268B24 /* Main.storyboard */,
				983EA0B22C03D1E200268B24 /* LaunchScreen.storyboard */,
				983EA0B52C03D1E200268B24 /* Info.plist */,
				983EA0AD2C03D1E000268B24 /* VideoPlayerWithUIKit.xcdatamodeld */,
			);
			path = VideoPlayerWithUIKit;
			sourceTree = "<group>";
		};
		983EA0BB2C03D24C00268B24 /* Resources */ = {
			isa = PBXGroup;
			children = (
				983EA0BC2C03D25F00268B24 /* Videos */,
				983EA0B02C03D1E200268B24 /* Assets.xcassets */,
			);
			path = Resources;
			sourceTree = "<group>";
		};
		983EA0BC2C03D25F00268B24 /* Videos */ = {
			isa = PBXGroup;
			children = (
				983EA0BD2C03D29B00268B24 /* vie.mp4 */,
			);
			path = Videos;
			sourceTree = "<group>";
		};
/* End PBXGroup section */

/* Begin PBXNativeTarget section */
		983EA0A02C03D1E000268B24 /* VideoPlayerWithUIKit */ = {
			isa = PBXNativeTarget;
			buildConfigurationList = 983EA0B82C03D1E200268B24 /* Build configuration list for PBXNativeTarget "VideoPlayerWithUIKit" */;
			buildPhases = (
				983EA09D2C03D1E000268B24 /* Sources */,
				983EA09E2C03D1E000268B24 /* Frameworks */,
				983EA09F2C03D1E000268B24 /* Resources */,
			);
			buildRules = (
			);
			dependencies = (
			);
			name = VideoPlayerWithUIKit;
			productName = VideoPlayerWithUIKit;
			productReference = 983EA0A12C03D1E000268B24 /* VideoPlayerWithUIKit.app */;
			productType = "com.apple.product-type.application";
		};
/* End PBXNativeTarget section */

/* Begin PBXProject section */
		983EA0992C03D1E000268B24 /* Project object */ = {
			isa = PBXProject;
			attributes = {
				BuildIndependentTargetsInParallel = 1;
				LastSwiftUpdateCheck = 1530;
				LastUpgradeCheck = 1530;
				TargetAttributes = {
					983EA0A02C03D1E000268B24 = {
						CreatedOnToolsVersion = 15.3;
					};
				};
			};
			buildConfigurationList = 983EA09C2C03D1E000268B24 /* Build configuration list for PBXProject "VideoPlayerWithUIKit" */;
			compatibilityVersion = "Xcode 14.0";
			developmentRegion = en;
			hasScannedForEncodings = 0;
			knownRegions = (
				en,
				Base,
			);
			mainGroup = 983EA0982C03D1E000268B24;
			productRefGroup = 983EA0A22C03D1E000268B24 /* Products */;
			projectDirPath = "";
			projectRoot = "";
			targets = (
				983EA0A02C03D1E000268B24 /* VideoPlayerWithUIKit */,
			);
		};
/* End PBXProject section */

/* Begin PBXResourcesBuildPhase section */
		983EA09F2C03D1E000268B24 /* Resources */ = {
			isa = PBXResourcesBuildPhase;
			buildActionMask = 2147483647;
			files = (
				983EA0B12C03D1E200268B24 /* Assets.xcassets in Resources */,
				983EA0B42C03D1E200268B24 /* Base in Resources */,
				983EA0AC2C03D1E000268B24 /* Base in Resources */,
				983EA0BE2C03D29B00268B24 /* vie.mp4 in Resources */,
			);
			runOnlyForDeploymentPostprocessing = 0;
		};
/* End PBXResourcesBuildPhase section */

/* Begin PBXSourcesBuildPhase section */
		983EA09D2C03D1E000268B24 /* Sources */ = {
			isa = PBXSourcesBuildPhase;
			buildActionMask = 2147483647;
			files = (
				983EA0A92C03D1E000268B24 /* ViewController.swift in Sources */,
				983EA0AF2C03D1E000268B24 /* VideoPlayerWithUIKit.xcdatamodeld in Sources */,
				983EA0A52C03D1E000268B24 /* AppDelegate.swift in Sources */,
				983EA0A72C03D1E000268B24 /* SceneDelegate.swift in Sources */,
			);
			runOnlyForDeploymentPostprocessing = 0;
		};
/* End PBXSourcesBuildPhase section */

/* Begin PBXVariantGroup section */
		983EA0AA2C03D1E000268B24 /* Main.storyboard */ = {
			isa = PBXVariantGroup;
			children = (
				983EA0AB2C03D1E000268B24 /* Base */,
			);
			name = Main.storyboard;
			sourceTree = "<group>";
		};
		983EA0B22C03D1E200268B24 /* LaunchScreen.storyboard */ = {
			isa = PBXVariantGroup;
			children = (
				983EA0B32C03D1E200268B24 /* Base */,
			);
			name = LaunchScreen.storyboard;
			sourceTree = "<group>";
		};
/* End PBXVariantGroup section */

/* Begin XCBuildConfiguration section */
		983EA0B62C03D1E200268B24 /* Debug */ = {
			isa = XCBuildConfiguration;
			buildSettings = {
				ALWAYS_SEARCH_USER_PATHS = NO;
				ASSETCATALOG_COMPILER_GENERATE_SWIFT_ASSET_SYMBOL_EXTENSIONS = YES;
				CLANG_ANALYZER_NONNULL = YES;
				CLANG_ANALYZER_NUMBER_OBJECT_CONVERSION = YES_AGGRESSIVE;
				CLANG_CXX_LANGUAGE_STANDARD = "gnu++20";
				CLANG_ENABLE_MODULES = YES;
				CLANG_ENABLE_OBJC_ARC = YES;
				CLANG_ENABLE_OBJC_WEAK = YES;
				CLANG_WARN_BLOCK_CAPTURE_AUTORELEASING = YES;
				CLANG_WARN_BOOL_CONVERSION = YES;
				CLANG_WARN_COMMA = YES;
				CLANG_WARN_CONSTANT_CONVERSION = YES;
				CLANG_WARN_DEPRECATED_OBJC_IMPLEMENTATIONS = YES;
				CLANG_WARN_DIRECT_OBJC_ISA_USAGE = YES_ERROR;
				CLANG_WARN_DOCUMENTATION_COMMENTS = YES;
				CLANG_WARN_EMPTY_BODY = YES;
				CLANG_WARN_ENUM_CONVERSION = YES;
				CLANG_WARN_INFINITE_RECURSION = YES;
				CLANG_WARN_INT_CONVERSION = YES;
				CLANG_WARN_NON_LITERAL_NULL_CONVERSION = YES;
				CLANG_WARN_OBJC_IMPLICIT_RETAIN_SELF = YES;
				CLANG_WARN_OBJC_LITERAL_CONVERSION = YES;
				CLANG_WARN_OBJC_ROOT_CLASS = YES_ERROR;
				CLANG_WARN_QUOTED_INCLUDE_IN_FRAMEWORK_HEADER = YES;
				CLANG_WARN_RANGE_LOOP_ANALYSIS = YES;
				CLANG_WARN_STRICT_PROTOTYPES = YES;
				CLANG_WARN_SUSPICIOUS_MOVE = YES;
				CLANG_WARN_UNGUARDED_AVAILABILITY = YES_AGGRESSIVE;
				CLANG_WARN_UNREACHABLE_CODE = YES;
				CLANG_WARN__DUPLICATE_METHOD_MATCH = YES;
				COPY_PHASE_STRIP = NO;
				DEBUG_INFORMATION_FORMAT = dwarf;
				ENABLE_STRICT_OBJC_MSGSEND = YES;
				ENABLE_TESTABILITY = YES;
				ENABLE_USER_SCRIPT_SANDBOXING = YES;
				GCC_C_LANGUAGE_STANDARD = gnu17;
				GCC_DYNAMIC_NO_PIC = NO;
				GCC_NO_COMMON_BLOCKS = YES;
				GCC_OPTIMIZATION_LEVEL = 0;
				GCC_PREPROCESSOR_DEFINITIONS = (
					"DEBUG=1",
					"$(inherited)",
				);
				GCC_WARN_64_TO_32_BIT_CONVERSION = YES;
				GCC_WARN_ABOUT_RETURN_TYPE = YES_ERROR;
				GCC_WARN_UNDECLARED_SELECTOR = YES;
				GCC_WARN_UNINITIALIZED_AUTOS = YES_AGGRESSIVE;
				GCC_WARN_UNUSED_FUNCTION = YES;
				GCC_WARN_UNUSED_VARIABLE = YES;
				IPHONEOS_DEPLOYMENT_TARGET = 17.4;
				LOCALIZATION_PREFERS_STRING_CATALOGS = YES;
				MTL_ENABLE_DEBUG_INFO = INCLUDE_SOURCE;
				MTL_FAST_MATH = YES;
				ONLY_ACTIVE_ARCH = YES;
				SDKROOT = iphoneos;
				SWIFT_ACTIVE_COMPILATION_CONDITIONS = "DEBUG $(inherited)";
				SWIFT_OPTIMIZATION_LEVEL = "-Onone";
			};
			name = Debug;
		};
		983EA0B72C03D1E200268B24 /* Release */ = {
			isa = XCBuildConfiguration;
			buildSettings = {
				ALWAYS_SEARCH_USER_PATHS = NO;
				ASSETCATALOG_COMPILER_GENERATE_SWIFT_ASSET_SYMBOL_EXTENSIONS = YES;
				CLANG_ANALYZER_NONNULL = YES;
				CLANG_ANALYZER_NUMBER_OBJECT_CONVERSION = YES_AGGRESSIVE;
				CLANG_CXX_LANGUAGE_STANDARD = "gnu++20";
				CLANG_ENABLE_MODULES = YES;
				CLANG_ENABLE_OBJC_ARC = YES;
				CLANG_ENABLE_OBJC_WEAK = YES;
				CLANG_WARN_BLOCK_CAPTURE_AUTORELEASING = YES;
				CLANG_WARN_BOOL_CONVERSION = YES;
				CLANG_WARN_COMMA = YES;
				CLANG_WARN_CONSTANT_CONVERSION = YES;
				CLANG_WARN_DEPRECATED_OBJC_IMPLEMENTATIONS = YES;
				CLANG_WARN_DIRECT_OBJC_ISA_USAGE = YES_ERROR;
				CLANG_WARN_DOCUMENTATION_COMMENTS = YES;
				CLANG_WARN_EMPTY_BODY = YES;
				CLANG_WARN_ENUM_CONVERSION = YES;
				CLANG_WARN_INFINITE_RECURSION = YES;
				CLANG_WARN_INT_CONVERSION = YES;
				CLANG_WARN_NON_LITERAL_NULL_CONVERSION = YES;
				CLANG_WARN_OBJC_IMPLICIT_RETAIN_SELF = YES;
				CLANG_WARN_OBJC_LITERAL_CONVERSION = YES;
				CLANG_WARN_OBJC_ROOT_CLASS = YES_ERROR;
				CLANG_WARN_QUOTED_INCLUDE_IN_FRAMEWORK_HEADER = YES;
				CLANG_WARN_RANGE_LOOP_ANALYSIS = YES;
				CLANG_WARN_STRICT_PROTOTYPES = YES;
				CLANG_WARN_SUSPICIOUS_MOVE = YES;
				CLANG_WARN_UNGUARDED_AVAILABILITY = YES_AGGRESSIVE;
				CLANG_WARN_UNREACHABLE_CODE = YES;
				CLANG_WARN__DUPLICATE_METHOD_MATCH = YES;
				COPY_PHASE_STRIP = NO;
				DEBUG_INFORMATION_FORMAT = "dwarf-with-dsym";
				ENABLE_NS_ASSERTIONS = NO;
				ENABLE_STRICT_OBJC_MSGSEND = YES;
				ENABLE_USER_SCRIPT_SANDBOXING = YES;
				GCC_C_LANGUAGE_STANDARD = gnu17;
				GCC_NO_COMMON_BLOCKS = YES;
				GCC_WARN_64_TO_32_BIT_CONVERSION = YES;
				GCC_WARN_ABOUT_RETURN_TYPE = YES_ERROR;
				GCC_WARN_UNDECLARED_SELECTOR = YES;
				GCC_WARN_UNINITIALIZED_AUTOS = YES_AGGRESSIVE;
				GCC_WARN_UNUSED_FUNCTION = YES;
				GCC_WARN_UNUSED_VARIABLE = YES;
				IPHONEOS_DEPLOYMENT_TARGET = 17.4;
				LOCALIZATION_PREFERS_STRING_CATALOGS = YES;
				MTL_ENABLE_DEBUG_INFO = NO;
				MTL_FAST_MATH = YES;
				SDKROOT = iphoneos;
				SWIFT_COMPILATION_MODE = wholemodule;
				VALIDATE_PRODUCT = YES;
			};
			name = Release;
		};
		983EA0B92C03D1E200268B24 /* Debug */ = {
			isa = XCBuildConfiguration;
			buildSettings = {
				ASSETCATALOG_COMPILER_APPICON_NAME = AppIcon;
				ASSETCATALOG_COMPILER_GLOBAL_ACCENT_COLOR_NAME = AccentColor;
				CODE_SIGN_STYLE = Automatic;
				CURRENT_PROJECT_VERSION = 1;
				DEVELOPMENT_TEAM = X7T55FCCUB;
				GENERATE_INFOPLIST_FILE = YES;
				INFOPLIST_FILE = VideoPlayerWithUIKit/Info.plist;
				INFOPLIST_KEY_UIApplicationSupportsIndirectInputEvents = YES;
				INFOPLIST_KEY_UILaunchStoryboardName = LaunchScreen;
				INFOPLIST_KEY_UIMainStoryboardFile = Main;
				INFOPLIST_KEY_UISupportedInterfaceOrientations_iPad = "UIInterfaceOrientationPortrait UIInterfaceOrientationPortraitUpsideDown UIInterfaceOrientationLandscapeLeft UIInterfaceOrientationLandscapeRight";
				INFOPLIST_KEY_UISupportedInterfaceOrientations_iPhone = "UIInterfaceOrientationPortrait UIInterfaceOrientationLandscapeLeft UIInterfaceOrientationLandscapeRight";
				LD_RUNPATH_SEARCH_PATHS = (
					"$(inherited)",
					"@executable_path/Frameworks",
				);
				MARKETING_VERSION = 1.0;
				PRODUCT_BUNDLE_IDENTIFIER = sociofriend.VideoPlayerWithUIKit;
				PRODUCT_NAME = "$(TARGET_NAME)";
				SWIFT_EMIT_LOC_STRINGS = YES;
				SWIFT_VERSION = 5.0;
				TARGETED_DEVICE_FAMILY = "1,2";
			};
			name = Debug;
		};
		983EA0BA2C03D1E200268B24 /* Release */ = {
			isa = XCBuildConfiguration;
			buildSettings = {
				ASSETCATALOG_COMPILER_APPICON_NAME = AppIcon;
				ASSETCATALOG_COMPILER_GLOBAL_ACCENT_COLOR_NAME = AccentColor;
				CODE_SIGN_STYLE = Automatic;
				CURRENT_PROJECT_VERSION = 1;
				DEVELOPMENT_TEAM = X7T55FCCUB;
				GENERATE_INFOPLIST_FILE = YES;
				INFOPLIST_FILE = VideoPlayerWithUIKit/Info.plist;
				INFOPLIST_KEY_UIApplicationSupportsIndirectInputEvents = YES;
				INFOPLIST_KEY_UILaunchStoryboardName = LaunchScreen;
				INFOPLIST_KEY_UIMainStoryboardFile = Main;
				INFOPLIST_KEY_UISupportedInterfaceOrientations_iPad = "UIInterfaceOrientationPortrait UIInterfaceOrientationPortraitUpsideDown UIInterfaceOrientationLandscapeLeft UIInterfaceOrientationLandscapeRight";
				INFOPLIST_KEY_UISupportedInterfaceOrientations_iPhone = "UIInterfaceOrientationPortrait UIInterfaceOrientationLandscapeLeft UIInterfaceOrientationLandscapeRight";
				LD_RUNPATH_SEARCH_PATHS = (
					"$(inherited)",
					"@executable_path/Frameworks",
				);
				MARKETING_VERSION = 1.0;
				PRODUCT_BUNDLE_IDENTIFIER = sociofriend.VideoPlayerWithUIKit;
				PRODUCT_NAME = "$(TARGET_NAME)";
				SWIFT_EMIT_LOC_STRINGS = YES;
				SWIFT_VERSION = 5.0;
				TARGETED_DEVICE_FAMILY = "1,2";
			};
			name = Release;
		};
/* End XCBuildConfiguration section */

/* Begin XCConfigurationList section */
		983EA09C2C03D1E000268B24 /* Build configuration list for PBXProject "VideoPlayerWithUIKit" */ = {
			isa = XCConfigurationList;
			buildConfigurations = (
				983EA0B62C03D1E200268B24 /* Debug */,
				983EA0B72C03D1E200268B24 /* Release */,
			);
			defaultConfigurationIsVisible = 0;
			defaultConfigurationName = Release;
		};
		983EA0B82C03D1E200268B24 /* Build configuration list for PBXNativeTarget "VideoPlayerWithUIKit" */ = {
			isa = XCConfigurationList;
			buildConfigurations = (
				983EA0B92C03D1E200268B24 /* Debug */,
				983EA0BA2C03D1E200268B24 /* Release */,
			);
			defaultConfigurationIsVisible = 0;
			defaultConfigurationName = Release;
		};
/* End XCConfigurationList section */

/* Begin XCVersionGroup section */
		983EA0AD2C03D1E000268B24 /* VideoPlayerWithUIKit.xcdatamodeld */ = {
			isa = XCVersionGroup;
			children = (
				983EA0AE2C03D1E000268B24 /* VideoPlayerWithUIKit.xcdatamodel */,
			);
			currentVersion = 983EA0AE2C03D1E000268B24 /* VideoPlayerWithUIKit.xcdatamodel */;
			path = VideoPlayerWithUIKit.xcdatamodeld;
			sourceTree = "<group>";
			versionGroupType = wrapper.xcdatamodel;
		};
/* End XCVersionGroup section */
	};
	rootObject = 983EA0992C03D1E000268B24 /* Project object */;
}
